
Microsoft Visual Studio Solution File, Format Version 12.00
# Visual Studio Version 16
VisualStudioVersion = 16.0.30907.101
MinimumVisualStudioVersion = 10.0.40219.1
Project("{FAE04EC0-301F-11D3-BF4B-00C04F79EFBC}") = "MethodsWithLoopsAndConditionals", "MethodsWithLoopsAndConditionals\MethodsWithLoopsAndConditionals.csproj", "{3508E305-0960-4950-88F3-B555C3D074EB}"
EndProject
Global
	GlobalSection(SolutionConfigurationPlatforms) = preSolution
		Debug|Any CPU = Debug|Any CPU
		Release|Any CPU = Release|Any CPU
	EndGlobalSection
	GlobalSection(ProjectConfigurationPlatforms) = postSolution
		{3508E305-0960-4950-88F3-B555C3D074EB}.Debug|Any CPU.ActiveCfg = Debug|Any CPU
		{3508E305-0960-4950-88F3-B555C3D074EB}.Debug|Any CPU.Build.0 = Debug|Any CPU
		{3508E305-0960-4950-88F3-B555C3D074EB}.Release|Any CPU.ActiveCfg = Release|Any CPU
		{3508E305-0960-4950-88F3-B555C3D074EB}.Release|Any CPU.Build.0 = Release|Any CPU
	EndGlobalSection
	GlobalSection(SolutionProperties) = preSolution
		HideSolutionNode = FALSE
	EndGlobalSection
	GlobalSection(ExtensibilityGlobals) = postSolution
		SolutionGuid = {4E1A118B-7F96-4D64-ABB5-C9CAEA10A77F}
	EndGlobalSection
EndGlobal
